
Microsoft Visual Studio Solution File, Format Version 12.00
# Visual Studio Version 17
VisualStudioVersion = 17.0.31903.59
MinimumVisualStudioVersion = 10.0.40219.1
Project("{FAE04EC0-301F-11D3-BF4B-00C04F79EFBC}") = "WebApplication", "..\..\..\3rd year\AD\weeks5\WebApplication\WebApplication.csproj", "{1A781C2D-D477-40D9-8840-A9148A465D63}"
EndProject
Project("{FAE04EC0-301F-11D3-BF4B-00C04F79EFBC}") = "WebApplication1", "..\..\..\ADCWK\WebApplication1\WebApplication1.csproj", "{12FD7AF1-D4BD-4695-9372-196E9D7FC3CA}"
EndProject
Global
	GlobalSection(SolutionConfigurationPlatforms) = preSolution
		Debug|Any CPU = Debug|Any CPU
		Release|Any CPU = Release|Any CPU
	EndGlobalSection
	GlobalSection(SolutionProperties) = preSolution
		HideSolutionNode = FALSE
	EndGlobalSection
	GlobalSection(ProjectConfigurationPlatforms) = postSolution
		{1A781C2D-D477-40D9-8840-A9148A465D63}.Debug|Any CPU.ActiveCfg = Debug|Any CPU
		{1A781C2D-D477-40D9-8840-A9148A465D63}.Debug|Any CPU.Build.0 = Debug|Any CPU
		{1A781C2D-D477-40D9-8840-A9148A465D63}.Release|Any CPU.ActiveCfg = Release|Any CPU
		{1A781C2D-D477-40D9-8840-A9148A465D63}.Release|Any CPU.Build.0 = Release|Any CPU
		{12FD7AF1-D4BD-4695-9372-196E9D7FC3CA}.Debug|Any CPU.ActiveCfg = Debug|Any CPU
		{12FD7AF1-D4BD-4695-9372-196E9D7FC3CA}.Debug|Any CPU.Build.0 = Debug|Any CPU
		{12FD7AF1-D4BD-4695-9372-196E9D7FC3CA}.Release|Any CPU.ActiveCfg = Release|Any CPU
		{12FD7AF1-D4BD-4695-9372-196E9D7FC3CA}.Release|Any CPU.Build.0 = Release|Any CPU
	EndGlobalSection
EndGlobal
